{
  "requires": true,
  "lockfileVersion": 1,
  "dependencies": {
    "convert-csv-to-json": {
      "version": "1.3.1",
      "resolved": "https://registry.npmjs.org/convert-csv-to-json/-/convert-csv-to-json-1.3.1.tgz",
      "integrity": "sha512-cKugcLmLHIdgxk1zSiq9ImPMszskp4zR3uJi8Ty9qx2/QhCozPVTk8A9v3b9ZEYnkbY6fbk7jEKyJzQZ49/p7A=="
    }
  }
}
